
Microsoft Visual Studio Solution File, Format Version 12.00
# Visual Studio Version 17
VisualStudioVersion = 17.0.31903.59
MinimumVisualStudioVersion = 10.0.40219.1
Project("{2150E333-8FDC-42A3-9474-1A3956D46DE8}") = "src", "src", "{827E0CD3-B72D-47B6-A68D-7590B98EB39B}"
EndProject
Project("{2150E333-8FDC-42A3-9474-1A3956D46DE8}") = "Backend", "Backend", "{FE360695-3F2B-1049-3887-35FBB5135923}"
EndProject
Project("{FAE04EC0-301F-11D3-BF4B-00C04F79EFBC}") = "StudioAgenda.Api", "src\Backend\StudioAgenda.Api\StudioAgenda.Api.csproj", "{AB2A6B6F-3395-423D-A12E-85E5A6CE4070}"
EndProject
Project("{FAE04EC0-301F-11D3-BF4B-00C04F79EFBC}") = "StudioAgenda.Application", "src\Backend\StudioAgenda.Application\StudioAgenda.Application.csproj", "{70896E3D-F4D3-485C-B859-E65D27E0BD3A}"
EndProject
Project("{FAE04EC0-301F-11D3-BF4B-00C04F79EFBC}") = "StudioAgenda.Domain", "src\Backend\StudioAgenda.Domain\StudioAgenda.Domain.csproj", "{50B4EE27-61EF-4940-A48B-A252D3C25050}"
EndProject
Project("{FAE04EC0-301F-11D3-BF4B-00C04F79EFBC}") = "StudioAgenda.Infrastructure", "src\Backend\StudioAgenda.Infrastructure\StudioAgenda.Infrastructure.csproj", "{C9AAD902-1555-4E3B-B2C2-33D01FA3078A}"
EndProject
Project("{2150E333-8FDC-42A3-9474-1A3956D46DE8}") = "Shared", "Shared", "{C8E42992-5E42-0C2B-DBFE-AA848D06431C}"
EndProject
Project("{FAE04EC0-301F-11D3-BF4B-00C04F79EFBC}") = "StudioAgenda.Communication", "src\Shared\StudioAgenda.Communication\StudioAgenda.Communication.csproj", "{B2F754D9-6BBC-4DDF-AE43-06E46F1C27B0}"
EndProject
Project("{FAE04EC0-301F-11D3-BF4B-00C04F79EFBC}") = "StudioAgenda.Exceptions", "src\Shared\StudioAgenda.Exceptions\StudioAgenda.Exceptions.csproj", "{193D46A8-674E-4F24-B6A0-044718E42D3B}"
EndProject
Project("{2150E333-8FDC-42A3-9474-1A3956D46DE8}") = "Testes", "Testes", "{6D36D78B-95F3-40C5-A7B2-7F61DE705156}"
EndProject
Project("{FAE04EC0-301F-11D3-BF4B-00C04F79EFBC}") = "Validacoes.Tests", "src\Testes\Validacoes.Tests\Validacoes.Tests.csproj", "{C4F2D314-5276-495A-8F8B-FA7F47A3D43A}"
EndProject
Project("{FAE04EC0-301F-11D3-BF4B-00C04F79EFBC}") = "CommonTestsUtilies", "src\Testes\CommonTestsUtilies\CommonTestsUtilies.csproj", "{FBC3445D-2FE1-4228-A321-BB3DB210285B}"
EndProject
Project("{FAE04EC0-301F-11D3-BF4B-00C04F79EFBC}") = "UseCases.Tests", "src\Testes\UseCases.Tests\UseCases.Tests.csproj", "{DAFA1CBD-BA6F-4418-A89B-94D32CB48E69}"
EndProject
Global
	GlobalSection(SolutionConfigurationPlatforms) = preSolution
		Debug|Any CPU = Debug|Any CPU
		Debug|x64 = Debug|x64
		Debug|x86 = Debug|x86
		Release|Any CPU = Release|Any CPU
		Release|x64 = Release|x64
		Release|x86 = Release|x86
	EndGlobalSection
	GlobalSection(ProjectConfigurationPlatforms) = postSolution
		{AB2A6B6F-3395-423D-A12E-85E5A6CE4070}.Debug|Any CPU.ActiveCfg = Debug|Any CPU
		{AB2A6B6F-3395-423D-A12E-85E5A6CE4070}.Debug|Any CPU.Build.0 = Debug|Any CPU
		{AB2A6B6F-3395-423D-A12E-85E5A6CE4070}.Debug|x64.ActiveCfg = Debug|Any CPU
		{AB2A6B6F-3395-423D-A12E-85E5A6CE4070}.Debug|x64.Build.0 = Debug|Any CPU
		{AB2A6B6F-3395-423D-A12E-85E5A6CE4070}.Debug|x86.ActiveCfg = Debug|Any CPU
		{AB2A6B6F-3395-423D-A12E-85E5A6CE4070}.Debug|x86.Build.0 = Debug|Any CPU
		{AB2A6B6F-3395-423D-A12E-85E5A6CE4070}.Release|Any CPU.ActiveCfg = Release|Any CPU
		{AB2A6B6F-3395-423D-A12E-85E5A6CE4070}.Release|Any CPU.Build.0 = Release|Any CPU
		{AB2A6B6F-3395-423D-A12E-85E5A6CE4070}.Release|x64.ActiveCfg = Release|Any CPU
		{AB2A6B6F-3395-423D-A12E-85E5A6CE4070}.Release|x64.Build.0 = Release|Any CPU
		{AB2A6B6F-3395-423D-A12E-85E5A6CE4070}.Release|x86.ActiveCfg = Release|Any CPU
		{AB2A6B6F-3395-423D-A12E-85E5A6CE4070}.Release|x86.Build.0 = Release|Any CPU
		{70896E3D-F4D3-485C-B859-E65D27E0BD3A}.Debug|Any CPU.ActiveCfg = Debug|Any CPU
		{70896E3D-F4D3-485C-B859-E65D27E0BD3A}.Debug|Any CPU.Build.0 = Debug|Any CPU
		{70896E3D-F4D3-485C-B859-E65D27E0BD3A}.Debug|x64.ActiveCfg = Debug|Any CPU
		{70896E3D-F4D3-485C-B859-E65D27E0BD3A}.Debug|x64.Build.0 = Debug|Any CPU
		{70896E3D-F4D3-485C-B859-E65D27E0BD3A}.Debug|x86.ActiveCfg = Debug|Any CPU
		{70896E3D-F4D3-485C-B859-E65D27E0BD3A}.Debug|x86.Build.0 = Debug|Any CPU
		{70896E3D-F4D3-485C-B859-E65D27E0BD3A}.Release|Any CPU.ActiveCfg = Release|Any CPU
		{70896E3D-F4D3-485C-B859-E65D27E0BD3A}.Release|Any CPU.Build.0 = Release|Any CPU
		{70896E3D-F4D3-485C-B859-E65D27E0BD3A}.Release|x64.ActiveCfg = Release|Any CPU
		{70896E3D-F4D3-485C-B859-E65D27E0BD3A}.Release|x64.Build.0 = Release|Any CPU
		{70896E3D-F4D3-485C-B859-E65D27E0BD3A}.Release|x86.ActiveCfg = Release|Any CPU
		{70896E3D-F4D3-485C-B859-E65D27E0BD3A}.Release|x86.Build.0 = Release|Any CPU
		{50B4EE27-61EF-4940-A48B-A252D3C25050}.Debug|Any CPU.ActiveCfg = Debug|Any CPU
		{50B4EE27-61EF-4940-A48B-A252D3C25050}.Debug|Any CPU.Build.0 = Debug|Any CPU
		{50B4EE27-61EF-4940-A48B-A252D3C25050}.Debug|x64.ActiveCfg = Debug|Any CPU
		{50B4EE27-61EF-4940-A48B-A252D3C25050}.Debug|x64.Build.0 = Debug|Any CPU
		{50B4EE27-61EF-4940-A48B-A252D3C25050}.Debug|x86.ActiveCfg = Debug|Any CPU
		{50B4EE27-61EF-4940-A48B-A252D3C25050}.Debug|x86.Build.0 = Debug|Any CPU
		{50B4EE27-61EF-4940-A48B-A252D3C25050}.Release|Any CPU.ActiveCfg = Release|Any CPU
		{50B4EE27-61EF-4940-A48B-A252D3C25050}.Release|Any CPU.Build.0 = Release|Any CPU
		{50B4EE27-61EF-4940-A48B-A252D3C25050}.Release|x64.ActiveCfg = Release|Any CPU
		{50B4EE27-61EF-4940-A48B-A252D3C25050}.Release|x64.Build.0 = Release|Any CPU
		{50B4EE27-61EF-4940-A48B-A252D3C25050}.Release|x86.ActiveCfg = Release|Any CPU
		{50B4EE27-61EF-4940-A48B-A252D3C25050}.Release|x86.Build.0 = Release|Any CPU
		{C9AAD902-1555-4E3B-B2C2-33D01FA3078A}.Debug|Any CPU.ActiveCfg = Debug|Any CPU
		{C9AAD902-1555-4E3B-B2C2-33D01FA3078A}.Debug|Any CPU.Build.0 = Debug|Any CPU
		{C9AAD902-1555-4E3B-B2C2-33D01FA3078A}.Debug|x64.ActiveCfg = Debug|Any CPU
		{C9AAD902-1555-4E3B-B2C2-33D01FA3078A}.Debug|x64.Build.0 = Debug|Any CPU
		{C9AAD902-1555-4E3B-B2C2-33D01FA3078A}.Debug|x86.ActiveCfg = Debug|Any CPU
		{C9AAD902-1555-4E3B-B2C2-33D01FA3078A}.Debug|x86.Build.0 = Debug|Any CPU
		{C9AAD902-1555-4E3B-B2C2-33D01FA3078A}.Release|Any CPU.ActiveCfg = Release|Any CPU
		{C9AAD902-1555-4E3B-B2C2-33D01FA3078A}.Release|Any CPU.Build.0 = Release|Any CPU
		{C9AAD902-1555-4E3B-B2C2-33D01FA3078A}.Release|x64.ActiveCfg = Release|Any CPU
		{C9AAD902-1555-4E3B-B2C2-33D01FA3078A}.Release|x64.Build.0 = Release|Any CPU
		{C9AAD902-1555-4E3B-B2C2-33D01FA3078A}.Release|x86.ActiveCfg = Release|Any CPU
		{C9AAD902-1555-4E3B-B2C2-33D01FA3078A}.Release|x86.Build.0 = Release|Any CPU
		{B2F754D9-6BBC-4DDF-AE43-06E46F1C27B0}.Debug|Any CPU.ActiveCfg = Debug|Any CPU
		{B2F754D9-6BBC-4DDF-AE43-06E46F1C27B0}.Debug|Any CPU.Build.0 = Debug|Any CPU
		{B2F754D9-6BBC-4DDF-AE43-06E46F1C27B0}.Debug|x64.ActiveCfg = Debug|Any CPU
		{B2F754D9-6BBC-4DDF-AE43-06E46F1C27B0}.Debug|x64.Build.0 = Debug|Any CPU
		{B2F754D9-6BBC-4DDF-AE43-06E46F1C27B0}.Debug|x86.ActiveCfg = Debug|Any CPU
		{B2F754D9-6BBC-4DDF-AE43-06E46F1C27B0}.Debug|x86.Build.0 = Debug|Any CPU
		{B2F754D9-6BBC-4DDF-AE43-06E46F1C27B0}.Release|Any CPU.ActiveCfg = Release|Any CPU
		{B2F754D9-6BBC-4DDF-AE43-06E46F1C27B0}.Release|Any CPU.Build.0 = Release|Any CPU
		{B2F754D9-6BBC-4DDF-AE43-06E46F1C27B0}.Release|x64.ActiveCfg = Release|Any CPU
		{B2F754D9-6BBC-4DDF-AE43-06E46F1C27B0}.Release|x64.Build.0 = Release|Any CPU
		{B2F754D9-6BBC-4DDF-AE43-06E46F1C27B0}.Release|x86.ActiveCfg = Release|Any CPU
		{B2F754D9-6BBC-4DDF-AE43-06E46F1C27B0}.Release|x86.Build.0 = Release|Any CPU
		{193D46A8-674E-4F24-B6A0-044718E42D3B}.Debug|Any CPU.ActiveCfg = Debug|Any CPU
		{193D46A8-674E-4F24-B6A0-044718E42D3B}.Debug|Any CPU.Build.0 = Debug|Any CPU
		{193D46A8-674E-4F24-B6A0-044718E42D3B}.Debug|x64.ActiveCfg = Debug|Any CPU
		{193D46A8-674E-4F24-B6A0-044718E42D3B}.Debug|x64.Build.0 = Debug|Any CPU
		{193D46A8-674E-4F24-B6A0-044718E42D3B}.Debug|x86.ActiveCfg = Debug|Any CPU
		{193D46A8-674E-4F24-B6A0-044718E42D3B}.Debug|x86.Build.0 = Debug|Any CPU
		{193D46A8-674E-4F24-B6A0-044718E42D3B}.Release|Any CPU.ActiveCfg = Release|Any CPU
		{193D46A8-674E-4F24-B6A0-044718E42D3B}.Release|Any CPU.Build.0 = Release|Any CPU
		{193D46A8-674E-4F24-B6A0-044718E42D3B}.Release|x64.ActiveCfg = Release|Any CPU
		{193D46A8-674E-4F24-B6A0-044718E42D3B}.Release|x64.Build.0 = Release|Any CPU
		{193D46A8-674E-4F24-B6A0-044718E42D3B}.Release|x86.ActiveCfg = Release|Any CPU
		{193D46A8-674E-4F24-B6A0-044718E42D3B}.Release|x86.Build.0 = Release|Any CPU
		{C4F2D314-5276-495A-8F8B-FA7F47A3D43A}.Debug|Any CPU.ActiveCfg = Debug|Any CPU
		{C4F2D314-5276-495A-8F8B-FA7F47A3D43A}.Debug|Any CPU.Build.0 = Debug|Any CPU
		{C4F2D314-5276-495A-8F8B-FA7F47A3D43A}.Debug|x64.ActiveCfg = Debug|Any CPU
		{C4F2D314-5276-495A-8F8B-FA7F47A3D43A}.Debug|x64.Build.0 = Debug|Any CPU
		{C4F2D314-5276-495A-8F8B-FA7F47A3D43A}.Debug|x86.ActiveCfg = Debug|Any CPU
		{C4F2D314-5276-495A-8F8B-FA7F47A3D43A}.Debug|x86.Build.0 = Debug|Any CPU
		{C4F2D314-5276-495A-8F8B-FA7F47A3D43A}.Release|Any CPU.ActiveCfg = Release|Any CPU
		{C4F2D314-5276-495A-8F8B-FA7F47A3D43A}.Release|Any CPU.Build.0 = Release|Any CPU
		{C4F2D314-5276-495A-8F8B-FA7F47A3D43A}.Release|x64.ActiveCfg = Release|Any CPU
		{C4F2D314-5276-495A-8F8B-FA7F47A3D43A}.Release|x64.Build.0 = Release|Any CPU
		{C4F2D314-5276-495A-8F8B-FA7F47A3D43A}.Release|x86.ActiveCfg = Release|Any CPU
		{C4F2D314-5276-495A-8F8B-FA7F47A3D43A}.Release|x86.Build.0 = Release|Any CPU
		{FBC3445D-2FE1-4228-A321-BB3DB210285B}.Debug|Any CPU.ActiveCfg = Debug|Any CPU
		{FBC3445D-2FE1-4228-A321-BB3DB210285B}.Debug|Any CPU.Build.0 = Debug|Any CPU
		{FBC3445D-2FE1-4228-A321-BB3DB210285B}.Debug|x64.ActiveCfg = Debug|Any CPU
		{FBC3445D-2FE1-4228-A321-BB3DB210285B}.Debug|x64.Build.0 = Debug|Any CPU
		{FBC3445D-2FE1-4228-A321-BB3DB210285B}.Debug|x86.ActiveCfg = Debug|Any CPU
		{FBC3445D-2FE1-4228-A321-BB3DB210285B}.Debug|x86.Build.0 = Debug|Any CPU
		{FBC3445D-2FE1-4228-A321-BB3DB210285B}.Release|Any CPU.ActiveCfg = Release|Any CPU
		{FBC3445D-2FE1-4228-A321-BB3DB210285B}.Release|Any CPU.Build.0 = Release|Any CPU
		{FBC3445D-2FE1-4228-A321-BB3DB210285B}.Release|x64.ActiveCfg = Release|Any CPU
		{FBC3445D-2FE1-4228-A321-BB3DB210285B}.Release|x64.Build.0 = Release|Any CPU
		{FBC3445D-2FE1-4228-A321-BB3DB210285B}.Release|x86.ActiveCfg = Release|Any CPU
		{FBC3445D-2FE1-4228-A321-BB3DB210285B}.Release|x86.Build.0 = Release|Any CPU
		{DAFA1CBD-BA6F-4418-A89B-94D32CB48E69}.Debug|Any CPU.ActiveCfg = Debug|Any CPU
		{DAFA1CBD-BA6F-4418-A89B-94D32CB48E69}.Debug|Any CPU.Build.0 = Debug|Any CPU
		{DAFA1CBD-BA6F-4418-A89B-94D32CB48E69}.Debug|x64.ActiveCfg = Debug|Any CPU
		{DAFA1CBD-BA6F-4418-A89B-94D32CB48E69}.Debug|x64.Build.0 = Debug|Any CPU
		{DAFA1CBD-BA6F-4418-A89B-94D32CB48E69}.Debug|x86.ActiveCfg = Debug|Any CPU
		{DAFA1CBD-BA6F-4418-A89B-94D32CB48E69}.Debug|x86.Build.0 = Debug|Any CPU
		{DAFA1CBD-BA6F-4418-A89B-94D32CB48E69}.Release|Any CPU.ActiveCfg = Release|Any CPU
		{DAFA1CBD-BA6F-4418-A89B-94D32CB48E69}.Release|Any CPU.Build.0 = Release|Any CPU
		{DAFA1CBD-BA6F-4418-A89B-94D32CB48E69}.Release|x64.ActiveCfg = Release|Any CPU
		{DAFA1CBD-BA6F-4418-A89B-94D32CB48E69}.Release|x64.Build.0 = Release|Any CPU
		{DAFA1CBD-BA6F-4418-A89B-94D32CB48E69}.Release|x86.ActiveCfg = Release|Any CPU
		{DAFA1CBD-BA6F-4418-A89B-94D32CB48E69}.Release|x86.Build.0 = Release|Any CPU
	EndGlobalSection
	GlobalSection(SolutionProperties) = preSolution
		HideSolutionNode = FALSE
	EndGlobalSection
	GlobalSection(NestedProjects) = preSolution
		{FE360695-3F2B-1049-3887-35FBB5135923} = {827E0CD3-B72D-47B6-A68D-7590B98EB39B}
		{AB2A6B6F-3395-423D-A12E-85E5A6CE4070} = {FE360695-3F2B-1049-3887-35FBB5135923}
		{70896E3D-F4D3-485C-B859-E65D27E0BD3A} = {FE360695-3F2B-1049-3887-35FBB5135923}
		{50B4EE27-61EF-4940-A48B-A252D3C25050} = {FE360695-3F2B-1049-3887-35FBB5135923}
		{C9AAD902-1555-4E3B-B2C2-33D01FA3078A} = {FE360695-3F2B-1049-3887-35FBB5135923}
		{C8E42992-5E42-0C2B-DBFE-AA848D06431C} = {827E0CD3-B72D-47B6-A68D-7590B98EB39B}
		{B2F754D9-6BBC-4DDF-AE43-06E46F1C27B0} = {C8E42992-5E42-0C2B-DBFE-AA848D06431C}
		{193D46A8-674E-4F24-B6A0-044718E42D3B} = {C8E42992-5E42-0C2B-DBFE-AA848D06431C}
		{6D36D78B-95F3-40C5-A7B2-7F61DE705156} = {827E0CD3-B72D-47B6-A68D-7590B98EB39B}
		{C4F2D314-5276-495A-8F8B-FA7F47A3D43A} = {6D36D78B-95F3-40C5-A7B2-7F61DE705156}
		{FBC3445D-2FE1-4228-A321-BB3DB210285B} = {6D36D78B-95F3-40C5-A7B2-7F61DE705156}
		{DAFA1CBD-BA6F-4418-A89B-94D32CB48E69} = {6D36D78B-95F3-40C5-A7B2-7F61DE705156}
	EndGlobalSection
EndGlobal
